// !$*UTF8*$!
{
	archiveVersion = 1;
	classes = {
	};
	objectVersion = 56;
	objects = {

/* Begin PBXBuildFile section */
		B809380D2B092C14004F9F57 /* SwiftInstructApp.swift in Sources */ = {isa = PBXBuildFile; fileRef = B809380C2B092C14004F9F57 /* SwiftInstructApp.swift */; };
		B809380F2B092C14004F9F57 /* MainMenuView.swift in Sources */ = {isa = PBXBuildFile; fileRef = B809380E2B092C14004F9F57 /* MainMenuView.swift */; };
		B80938112B092C15004F9F57 /* Assets.xcassets in Resources */ = {isa = PBXBuildFile; fileRef = B80938102B092C15004F9F57 /* Assets.xcassets */; };
		B80938142B092C15004F9F57 /* Preview Assets.xcassets in Resources */ = {isa = PBXBuildFile; fileRef = B80938132B092C15004F9F57 /* Preview Assets.xcassets */; };
		B809381D2B093768004F9F57 /* Handjet-Medium.ttf in Resources */ = {isa = PBXBuildFile; fileRef = B809381B2B093768004F9F57 /* Handjet-Medium.ttf */; };
		B809381E2B093768004F9F57 /* Handjet-Light.ttf in Resources */ = {isa = PBXBuildFile; fileRef = B809381C2B093768004F9F57 /* Handjet-Light.ttf */; };
		B80938232B093BE5004F9F57 /* Modules.swift in Sources */ = {isa = PBXBuildFile; fileRef = B80938222B093BE5004F9F57 /* Modules.swift */; };
		B80938252B096CC4004F9F57 /* Theme.swift in Sources */ = {isa = PBXBuildFile; fileRef = B80938242B096CC4004F9F57 /* Theme.swift */; };
		B80938272B0970B4004F9F57 /* ModuleView.swift in Sources */ = {isa = PBXBuildFile; fileRef = B80938262B0970B4004F9F57 /* ModuleView.swift */; };
		B80938292B097379004F9F57 /* Roboto-Medium.ttf in Resources */ = {isa = PBXBuildFile; fileRef = B80938282B097379004F9F57 /* Roboto-Medium.ttf */; };
		B809382B2B0973E8004F9F57 /* FontStyle.swift in Sources */ = {isa = PBXBuildFile; fileRef = B809382A2B0973E8004F9F57 /* FontStyle.swift */; };
		B80938312B099F85004F9F57 /* ModulesListView.swift in Sources */ = {isa = PBXBuildFile; fileRef = B80938302B099F85004F9F57 /* ModulesListView.swift */; };
		B80938352B09A1F2004F9F57 /* ModuleProgressViewStyle.swift in Sources */ = {isa = PBXBuildFile; fileRef = B80938342B09A1F2004F9F57 /* ModuleProgressViewStyle.swift */; };
		B82A5F842B0E7280002045E6 /* TabBarView.swift in Sources */ = {isa = PBXBuildFile; fileRef = B82A5F832B0E7280002045E6 /* TabBarView.swift */; };
		B82A5F862B0E826E002045E6 /* HeaderView.swift in Sources */ = {isa = PBXBuildFile; fileRef = B82A5F852B0E826D002045E6 /* HeaderView.swift */; };
		B87771D52B25A7C500456935 /* GoogleService-Info.plist in Resources */ = {isa = PBXBuildFile; fileRef = B87771D42B25A7C500456935 /* GoogleService-Info.plist */; };
		B87771D92B25AE3600456935 /* BackgroundView.swift in Sources */ = {isa = PBXBuildFile; fileRef = B87771D82B25AE3600456935 /* BackgroundView.swift */; };
		B87771DD2B25E09F00456935 /* InputView.swift in Sources */ = {isa = PBXBuildFile; fileRef = B87771DC2B25E09F00456935 /* InputView.swift */; };
		B87771DF2B261E3600456935 /* AuthorizeModel.swift in Sources */ = {isa = PBXBuildFile; fileRef = B87771DE2B261E3600456935 /* AuthorizeModel.swift */; };
		B87771E12B261ECB00456935 /* User.swift in Sources */ = {isa = PBXBuildFile; fileRef = B87771E02B261ECB00456935 /* User.swift */; };
		B87771E32B262AAC00456935 /* UserOverviewView.swift in Sources */ = {isa = PBXBuildFile; fileRef = B87771E22B262AAC00456935 /* UserOverviewView.swift */; };
		B87771E52B263A6100456935 /* UserProfileView.swift in Sources */ = {isa = PBXBuildFile; fileRef = B87771E42B263A6100456935 /* UserProfileView.swift */; };
		B87771E72B263A6F00456935 /* SettingsView.swift in Sources */ = {isa = PBXBuildFile; fileRef = B87771E62B263A6F00456935 /* SettingsView.swift */; };
		B87771E92B265B7900456935 /* ContentView.swift in Sources */ = {isa = PBXBuildFile; fileRef = B87771E82B265B7900456935 /* ContentView.swift */; };
		B87771EB2B2665F400456935 /* HomeView.swift in Sources */ = {isa = PBXBuildFile; fileRef = B87771EA2B2665F400456935 /* HomeView.swift */; };
		B87771ED2B26669600456935 /* CircularProgressBar.swift in Sources */ = {isa = PBXBuildFile; fileRef = B87771EC2B26669600456935 /* CircularProgressBar.swift */; };
		B87771EF2B26757D00456935 /* Roboto-Bold.ttf in Resources */ = {isa = PBXBuildFile; fileRef = B87771EE2B26757D00456935 /* Roboto-Bold.ttf */; };
		B87771F22B26863B00456935 /* ModuleOverviewView.swift in Sources */ = {isa = PBXBuildFile; fileRef = B87771F12B26863B00456935 /* ModuleOverviewView.swift */; };
		B87771F42B26AD7500456935 /* ProfileOverviewView.swift in Sources */ = {isa = PBXBuildFile; fileRef = B87771F32B26AD7500456935 /* ProfileOverviewView.swift */; };
		B87771F62B279E5100456935 /* SubModulesView.swift in Sources */ = {isa = PBXBuildFile; fileRef = B87771F52B279E5100456935 /* SubModulesView.swift */; };
		B8ED84C22B0E4CD3005086E9 /* RegisterView.swift in Sources */ = {isa = PBXBuildFile; fileRef = B8ED84C12B0E4CD3005086E9 /* RegisterView.swift */; };
		B8ED84C42B0E4CE2005086E9 /* LogInView.swift in Sources */ = {isa = PBXBuildFile; fileRef = B8ED84C32B0E4CE2005086E9 /* LogInView.swift */; };
		B8ED84CB2B0E5683005086E9 /* FirebaseAuth in Frameworks */ = {isa = PBXBuildFile; productRef = B8ED84CA2B0E5683005086E9 /* FirebaseAuth */; };
		B8ED84CD2B0E5683005086E9 /* FirebaseFirestore in Frameworks */ = {isa = PBXBuildFile; productRef = B8ED84CC2B0E5683005086E9 /* FirebaseFirestore */; };
		B8ED84CF2B0E5683005086E9 /* FirebaseFirestoreSwift in Frameworks */ = {isa = PBXBuildFile; productRef = B8ED84CE2B0E5683005086E9 /* FirebaseFirestoreSwift */; };
/* End PBXBuildFile section */

/* Begin PBXFileReference section */
		B80938092B092C14004F9F57 /* SwiftInstruct.app */ = {isa = PBXFileReference; explicitFileType = wrapper.application; includeInIndex = 0; path = SwiftInstruct.app; sourceTree = BUILT_PRODUCTS_DIR; };
		B809380C2B092C14004F9F57 /* SwiftInstructApp.swift */ = {isa = PBXFileReference; lastKnownFileType = sourcecode.swift; path = SwiftInstructApp.swift; sourceTree = "<group>"; };
		B809380E2B092C14004F9F57 /* MainMenuView.swift */ = {isa = PBXFileReference; lastKnownFileType = sourcecode.swift; path = MainMenuView.swift; sourceTree = "<group>"; };
		B80938102B092C15004F9F57 /* Assets.xcassets */ = {isa = PBXFileReference; lastKnownFileType = folder.assetcatalog; path = Assets.xcassets; sourceTree = "<group>"; };
		B80938132B092C15004F9F57 /* Preview Assets.xcassets */ = {isa = PBXFileReference; lastKnownFileType = folder.assetcatalog; path = "Preview Assets.xcassets"; sourceTree = "<group>"; };
		B809381B2B093768004F9F57 /* Handjet-Medium.ttf */ = {isa = PBXFileReference; lastKnownFileType = file; path = "Handjet-Medium.ttf"; sourceTree = "<group>"; };
		B809381C2B093768004F9F57 /* Handjet-Light.ttf */ = {isa = PBXFileReference; lastKnownFileType = file; path = "Handjet-Light.ttf"; sourceTree = "<group>"; };
		B809381F2B09379E004F9F57 /* Info.plist */ = {isa = PBXFileReference; lastKnownFileType = text.plist; path = Info.plist; sourceTree = "<group>"; };
		B80938222B093BE5004F9F57 /* Modules.swift */ = {isa = PBXFileReference; lastKnownFileType = sourcecode.swift; path = Modules.swift; sourceTree = "<group>"; };
		B80938242B096CC4004F9F57 /* Theme.swift */ = {isa = PBXFileReference; lastKnownFileType = sourcecode.swift; path = Theme.swift; sourceTree = "<group>"; };
		B80938262B0970B4004F9F57 /* ModuleView.swift */ = {isa = PBXFileReference; lastKnownFileType = sourcecode.swift; path = ModuleView.swift; sourceTree = "<group>"; };
		B80938282B097379004F9F57 /* Roboto-Medium.ttf */ = {isa = PBXFileReference; lastKnownFileType = file; path = "Roboto-Medium.ttf"; sourceTree = "<group>"; };
		B809382A2B0973E8004F9F57 /* FontStyle.swift */ = {isa = PBXFileReference; lastKnownFileType = sourcecode.swift; path = FontStyle.swift; sourceTree = "<group>"; };
		B80938302B099F85004F9F57 /* ModulesListView.swift */ = {isa = PBXFileReference; lastKnownFileType = sourcecode.swift; path = ModulesListView.swift; sourceTree = "<group>"; };
		B80938342B09A1F2004F9F57 /* ModuleProgressViewStyle.swift */ = {isa = PBXFileReference; lastKnownFileType = sourcecode.swift; path = ModuleProgressViewStyle.swift; sourceTree = "<group>"; };
		B82A5F832B0E7280002045E6 /* TabBarView.swift */ = {isa = PBXFileReference; lastKnownFileType = sourcecode.swift; path = TabBarView.swift; sourceTree = "<group>"; };
		B82A5F852B0E826D002045E6 /* HeaderView.swift */ = {isa = PBXFileReference; lastKnownFileType = sourcecode.swift; path = HeaderView.swift; sourceTree = "<group>"; };
		B87771D42B25A7C500456935 /* GoogleService-Info.plist */ = {isa = PBXFileReference; fileEncoding = 4; lastKnownFileType = text.plist.xml; path = "GoogleService-Info.plist"; sourceTree = "<group>"; };
		B87771D82B25AE3600456935 /* BackgroundView.swift */ = {isa = PBXFileReference; lastKnownFileType = sourcecode.swift; path = BackgroundView.swift; sourceTree = "<group>"; };
		B87771DC2B25E09F00456935 /* InputView.swift */ = {isa = PBXFileReference; lastKnownFileType = sourcecode.swift; path = InputView.swift; sourceTree = "<group>"; };
		B87771DE2B261E3600456935 /* AuthorizeModel.swift */ = {isa = PBXFileReference; lastKnownFileType = sourcecode.swift; path = AuthorizeModel.swift; sourceTree = "<group>"; };
		B87771E02B261ECB00456935 /* User.swift */ = {isa = PBXFileReference; lastKnownFileType = sourcecode.swift; path = User.swift; sourceTree = "<group>"; };
		B87771E22B262AAC00456935 /* UserOverviewView.swift */ = {isa = PBXFileReference; lastKnownFileType = sourcecode.swift; path = UserOverviewView.swift; sourceTree = "<group>"; };
		B87771E42B263A6100456935 /* UserProfileView.swift */ = {isa = PBXFileReference; lastKnownFileType = sourcecode.swift; path = UserProfileView.swift; sourceTree = "<group>"; };
		B87771E62B263A6F00456935 /* SettingsView.swift */ = {isa = PBXFileReference; lastKnownFileType = sourcecode.swift; path = SettingsView.swift; sourceTree = "<group>"; };
		B87771E82B265B7900456935 /* ContentView.swift */ = {isa = PBXFileReference; lastKnownFileType = sourcecode.swift; path = ContentView.swift; sourceTree = "<group>"; };
		B87771EA2B2665F400456935 /* HomeView.swift */ = {isa = PBXFileReference; lastKnownFileType = sourcecode.swift; path = HomeView.swift; sourceTree = "<group>"; };
		B87771EC2B26669600456935 /* CircularProgressBar.swift */ = {isa = PBXFileReference; lastKnownFileType = sourcecode.swift; path = CircularProgressBar.swift; sourceTree = "<group>"; };
		B87771EE2B26757D00456935 /* Roboto-Bold.ttf */ = {isa = PBXFileReference; lastKnownFileType = file; path = "Roboto-Bold.ttf"; sourceTree = "<group>"; };
		B87771F12B26863B00456935 /* ModuleOverviewView.swift */ = {isa = PBXFileReference; lastKnownFileType = sourcecode.swift; path = ModuleOverviewView.swift; sourceTree = "<group>"; };
		B87771F32B26AD7500456935 /* ProfileOverviewView.swift */ = {isa = PBXFileReference; lastKnownFileType = sourcecode.swift; path = ProfileOverviewView.swift; sourceTree = "<group>"; };
		B87771F52B279E5100456935 /* SubModulesView.swift */ = {isa = PBXFileReference; lastKnownFileType = sourcecode.swift; path = SubModulesView.swift; sourceTree = "<group>"; };
		B8ED84C12B0E4CD3005086E9 /* RegisterView.swift */ = {isa = PBXFileReference; lastKnownFileType = sourcecode.swift; path = RegisterView.swift; sourceTree = "<group>"; };
		B8ED84C32B0E4CE2005086E9 /* LogInView.swift */ = {isa = PBXFileReference; lastKnownFileType = sourcecode.swift; path = LogInView.swift; sourceTree = "<group>"; };
/* End PBXFileReference section */

/* Begin PBXFrameworksBuildPhase section */
		B80938062B092C14004F9F57 /* Frameworks */ = {
			isa = PBXFrameworksBuildPhase;
			buildActionMask = 2147483647;
			files = (
				B8ED84CB2B0E5683005086E9 /* FirebaseAuth in Frameworks */,
				B8ED84CD2B0E5683005086E9 /* FirebaseFirestore in Frameworks */,
				B8ED84CF2B0E5683005086E9 /* FirebaseFirestoreSwift in Frameworks */,
			);
			runOnlyForDeploymentPostprocessing = 0;
		};
/* End PBXFrameworksBuildPhase section */

/* Begin PBXGroup section */
		B80938002B092C14004F9F57 = {
			isa = PBXGroup;
			children = (
				B809380B2B092C14004F9F57 /* SwiftInstruct */,
				B809380A2B092C14004F9F57 /* Products */,
			);
			sourceTree = "<group>";
		};
		B809380A2B092C14004F9F57 /* Products */ = {
			isa = PBXGroup;
			children = (
				B80938092B092C14004F9F57 /* SwiftInstruct.app */,
			);
			name = Products;
			sourceTree = "<group>";
		};
		B809380B2B092C14004F9F57 /* SwiftInstruct */ = {
			isa = PBXGroup;
			children = (
				B809381A2B093724004F9F57 /* Fonts */,
				B80938212B093BAC004F9F57 /* Models */,
				B87771DB2B25DDD300456935 /* Components */,
				B80938202B093A08004F9F57 /* Views */,
				B809380C2B092C14004F9F57 /* SwiftInstructApp.swift */,
				B80938102B092C15004F9F57 /* Assets.xcassets */,
				B87771D42B25A7C500456935 /* GoogleService-Info.plist */,
				B809381F2B09379E004F9F57 /* Info.plist */,
				B80938122B092C15004F9F57 /* Preview Content */,
			);
			path = SwiftInstruct;
			sourceTree = "<group>";
		};
		B80938122B092C15004F9F57 /* Preview Content */ = {
			isa = PBXGroup;
			children = (
				B80938132B092C15004F9F57 /* Preview Assets.xcassets */,
			);
			path = "Preview Content";
			sourceTree = "<group>";
		};
		B809381A2B093724004F9F57 /* Fonts */ = {
			isa = PBXGroup;
			children = (
				B87771EE2B26757D00456935 /* Roboto-Bold.ttf */,
				B80938282B097379004F9F57 /* Roboto-Medium.ttf */,
				B809381C2B093768004F9F57 /* Handjet-Light.ttf */,
				B809381B2B093768004F9F57 /* Handjet-Medium.ttf */,
			);
			path = Fonts;
			sourceTree = "<group>";
		};
		B80938202B093A08004F9F57 /* Views */ = {
			isa = PBXGroup;
			children = (
				B809380E2B092C14004F9F57 /* MainMenuView.swift */,
				B80938302B099F85004F9F57 /* ModulesListView.swift */,
				B8ED84C12B0E4CD3005086E9 /* RegisterView.swift */,
				B8ED84C32B0E4CE2005086E9 /* LogInView.swift */,
				B87771E42B263A6100456935 /* UserProfileView.swift */,
				B87771E62B263A6F00456935 /* SettingsView.swift */,
				B87771EA2B2665F400456935 /* HomeView.swift */,
				B87771F52B279E5100456935 /* SubModulesView.swift */,
			);
			path = Views;
			sourceTree = "<group>";
		};
		B80938212B093BAC004F9F57 /* Models */ = {
			isa = PBXGroup;
			children = (
				B80938222B093BE5004F9F57 /* Modules.swift */,
				B80938242B096CC4004F9F57 /* Theme.swift */,
				B809382A2B0973E8004F9F57 /* FontStyle.swift */,
				B87771DE2B261E3600456935 /* AuthorizeModel.swift */,
				B87771E02B261ECB00456935 /* User.swift */,
			);
			path = Models;
			sourceTree = "<group>";
		};
		B87771DB2B25DDD300456935 /* Components */ = {
			isa = PBXGroup;
			children = (
				B87771F02B26860000456935 /* ModuleListComponents */,
				B82A5F832B0E7280002045E6 /* TabBarView.swift */,
				B82A5F852B0E826D002045E6 /* HeaderView.swift */,
				B87771D82B25AE3600456935 /* BackgroundView.swift */,
				B87771DC2B25E09F00456935 /* InputView.swift */,
				B87771E22B262AAC00456935 /* UserOverviewView.swift */,
				B87771E82B265B7900456935 /* ContentView.swift */,
				B87771EC2B26669600456935 /* CircularProgressBar.swift */,
				B87771F32B26AD7500456935 /* ProfileOverviewView.swift */,
			);
			path = Components;
			sourceTree = "<group>";
		};
		B87771F02B26860000456935 /* ModuleListComponents */ = {
			isa = PBXGroup;
			children = (
				B80938262B0970B4004F9F57 /* ModuleView.swift */,
				B80938342B09A1F2004F9F57 /* ModuleProgressViewStyle.swift */,
				B87771F12B26863B00456935 /* ModuleOverviewView.swift */,
			);
			path = ModuleListComponents;
			sourceTree = "<group>";
		};
/* End PBXGroup section */

/* Begin PBXNativeTarget section */
		B80938082B092C14004F9F57 /* SwiftInstruct */ = {
			isa = PBXNativeTarget;
			buildConfigurationList = B80938172B092C15004F9F57 /* Build configuration list for PBXNativeTarget "SwiftInstruct" */;
			buildPhases = (
				B80938052B092C14004F9F57 /* Sources */,
				B80938062B092C14004F9F57 /* Frameworks */,
				B80938072B092C14004F9F57 /* Resources */,
			);
			buildRules = (
			);
			dependencies = (
			);
			name = SwiftInstruct;
			packageProductDependencies = (
				B8ED84CA2B0E5683005086E9 /* FirebaseAuth */,
				B8ED84CC2B0E5683005086E9 /* FirebaseFirestore */,
				B8ED84CE2B0E5683005086E9 /* FirebaseFirestoreSwift */,
			);
			productName = SwiftInstruct;
			productReference = B80938092B092C14004F9F57 /* SwiftInstruct.app */;
			productType = "com.apple.product-type.application";
		};
/* End PBXNativeTarget section */

/* Begin PBXProject section */
		B80938012B092C14004F9F57 /* Project object */ = {
			isa = PBXProject;
			attributes = {
				BuildIndependentTargetsInParallel = 1;
				LastSwiftUpdateCheck = 1430;
				LastUpgradeCheck = 1500;
				TargetAttributes = {
					B80938082B092C14004F9F57 = {
						CreatedOnToolsVersion = 14.3.1;
					};
				};
			};
			buildConfigurationList = B80938042B092C14004F9F57 /* Build configuration list for PBXProject "SwiftInstruct" */;
			compatibilityVersion = "Xcode 14.0";
			developmentRegion = en;
			hasScannedForEncodings = 0;
			knownRegions = (
				en,
				Base,
			);
			mainGroup = B80938002B092C14004F9F57;
			packageReferences = (
				B8ED84C92B0E5683005086E9 /* XCRemoteSwiftPackageReference "firebase-ios-sdk" */,
			);
			productRefGroup = B809380A2B092C14004F9F57 /* Products */;
			projectDirPath = "";
			projectRoot = "";
			targets = (
				B80938082B092C14004F9F57 /* SwiftInstruct */,
			);
		};
/* End PBXProject section */

/* Begin PBXResourcesBuildPhase section */
		B80938072B092C14004F9F57 /* Resources */ = {
			isa = PBXResourcesBuildPhase;
			buildActionMask = 2147483647;
			files = (
				B87771EF2B26757D00456935 /* Roboto-Bold.ttf in Resources */,
				B80938292B097379004F9F57 /* Roboto-Medium.ttf in Resources */,
				B809381E2B093768004F9F57 /* Handjet-Light.ttf in Resources */,
				B80938142B092C15004F9F57 /* Preview Assets.xcassets in Resources */,
				B80938112B092C15004F9F57 /* Assets.xcassets in Resources */,
				B809381D2B093768004F9F57 /* Handjet-Medium.ttf in Resources */,
				B87771D52B25A7C500456935 /* GoogleService-Info.plist in Resources */,
			);
			runOnlyForDeploymentPostprocessing = 0;
		};
/* End PBXResourcesBuildPhase section */

/* Begin PBXSourcesBuildPhase section */
		B80938052B092C14004F9F57 /* Sources */ = {
			isa = PBXSourcesBuildPhase;
			buildActionMask = 2147483647;
			files = (
				B87771D92B25AE3600456935 /* BackgroundView.swift in Sources */,
				B8ED84C22B0E4CD3005086E9 /* RegisterView.swift in Sources */,
				B87771F22B26863B00456935 /* ModuleOverviewView.swift in Sources */,
				B87771E92B265B7900456935 /* ContentView.swift in Sources */,
				B87771E32B262AAC00456935 /* UserOverviewView.swift in Sources */,
				B80938312B099F85004F9F57 /* ModulesListView.swift in Sources */,
				B87771EB2B2665F400456935 /* HomeView.swift in Sources */,
				B809380F2B092C14004F9F57 /* MainMenuView.swift in Sources */,
				B87771E72B263A6F00456935 /* SettingsView.swift in Sources */,
				B87771E52B263A6100456935 /* UserProfileView.swift in Sources */,
				B80938252B096CC4004F9F57 /* Theme.swift in Sources */,
				B87771DF2B261E3600456935 /* AuthorizeModel.swift in Sources */,
				B87771DD2B25E09F00456935 /* InputView.swift in Sources */,
				B87771E12B261ECB00456935 /* User.swift in Sources */,
				B87771ED2B26669600456935 /* CircularProgressBar.swift in Sources */,
				B87771F42B26AD7500456935 /* ProfileOverviewView.swift in Sources */,
				B809382B2B0973E8004F9F57 /* FontStyle.swift in Sources */,
				B8ED84C42B0E4CE2005086E9 /* LogInView.swift in Sources */,
				B809380D2B092C14004F9F57 /* SwiftInstructApp.swift in Sources */,
				B80938352B09A1F2004F9F57 /* ModuleProgressViewStyle.swift in Sources */,
				B80938272B0970B4004F9F57 /* ModuleView.swift in Sources */,
				B82A5F842B0E7280002045E6 /* TabBarView.swift in Sources */,
				B80938232B093BE5004F9F57 /* Modules.swift in Sources */,
				B87771F62B279E5100456935 /* SubModulesView.swift in Sources */,
				B82A5F862B0E826E002045E6 /* HeaderView.swift in Sources */,
			);
			runOnlyForDeploymentPostprocessing = 0;
		};
/* End PBXSourcesBuildPhase section */

/* Begin XCBuildConfiguration section */
		B80938152B092C15004F9F57 /* Debug */ = {
			isa = XCBuildConfiguration;
			buildSettings = {
				ALWAYS_SEARCH_USER_PATHS = NO;
				CLANG_ANALYZER_NONNULL = YES;
				CLANG_ANALYZER_NUMBER_OBJECT_CONVERSION = YES_AGGRESSIVE;
				CLANG_CXX_LANGUAGE_STANDARD = "gnu++20";
				CLANG_ENABLE_MODULES = YES;
				CLANG_ENABLE_OBJC_ARC = YES;
				CLANG_ENABLE_OBJC_WEAK = YES;
				CLANG_WARN_BLOCK_CAPTURE_AUTORELEASING = YES;
				CLANG_WARN_BOOL_CONVERSION = YES;
				CLANG_WARN_COMMA = YES;
				CLANG_WARN_CONSTANT_CONVERSION = YES;
				CLANG_WARN_DEPRECATED_OBJC_IMPLEMENTATIONS = YES;
				CLANG_WARN_DIRECT_OBJC_ISA_USAGE = YES_ERROR;
				CLANG_WARN_DOCUMENTATION_COMMENTS = YES;
				CLANG_WARN_EMPTY_BODY = YES;
				CLANG_WARN_ENUM_CONVERSION = YES;
				CLANG_WARN_INFINITE_RECURSION = YES;
				CLANG_WARN_INT_CONVERSION = YES;
				CLANG_WARN_NON_LITERAL_NULL_CONVERSION = YES;
				CLANG_WARN_OBJC_IMPLICIT_RETAIN_SELF = YES;
				CLANG_WARN_OBJC_LITERAL_CONVERSION = YES;
				CLANG_WARN_OBJC_ROOT_CLASS = YES_ERROR;
				CLANG_WARN_QUOTED_INCLUDE_IN_FRAMEWORK_HEADER = YES;
				CLANG_WARN_RANGE_LOOP_ANALYSIS = YES;
				CLANG_WARN_STRICT_PROTOTYPES = YES;
				CLANG_WARN_SUSPICIOUS_MOVE = YES;
				CLANG_WARN_UNGUARDED_AVAILABILITY = YES_AGGRESSIVE;
				CLANG_WARN_UNREACHABLE_CODE = YES;
				CLANG_WARN__DUPLICATE_METHOD_MATCH = YES;
				COPY_PHASE_STRIP = NO;
				DEBUG_INFORMATION_FORMAT = dwarf;
				ENABLE_STRICT_OBJC_MSGSEND = YES;
				ENABLE_TESTABILITY = YES;
				ENABLE_USER_SCRIPT_SANDBOXING = YES;
				GCC_C_LANGUAGE_STANDARD = gnu11;
				GCC_DYNAMIC_NO_PIC = NO;
				GCC_NO_COMMON_BLOCKS = YES;
				GCC_OPTIMIZATION_LEVEL = 0;
				GCC_PREPROCESSOR_DEFINITIONS = (
					"DEBUG=1",
					"$(inherited)",
				);
				GCC_WARN_64_TO_32_BIT_CONVERSION = YES;
				GCC_WARN_ABOUT_RETURN_TYPE = YES_ERROR;
				GCC_WARN_UNDECLARED_SELECTOR = YES;
				GCC_WARN_UNINITIALIZED_AUTOS = YES_AGGRESSIVE;
				GCC_WARN_UNUSED_FUNCTION = YES;
				GCC_WARN_UNUSED_VARIABLE = YES;
				IPHONEOS_DEPLOYMENT_TARGET = 16.4;
				MTL_ENABLE_DEBUG_INFO = INCLUDE_SOURCE;
				MTL_FAST_MATH = YES;
				ONLY_ACTIVE_ARCH = YES;
				SDKROOT = iphoneos;
				SWIFT_ACTIVE_COMPILATION_CONDITIONS = DEBUG;
				SWIFT_OPTIMIZATION_LEVEL = "-Onone";
			};
			name = Debug;
		};
		B80938162B092C15004F9F57 /* Release */ = {
			isa = XCBuildConfiguration;
			buildSettings = {
				ALWAYS_SEARCH_USER_PATHS = NO;
				CLANG_ANALYZER_NONNULL = YES;
				CLANG_ANALYZER_NUMBER_OBJECT_CONVERSION = YES_AGGRESSIVE;
				CLANG_CXX_LANGUAGE_STANDARD = "gnu++20";
				CLANG_ENABLE_MODULES = YES;
				CLANG_ENABLE_OBJC_ARC = YES;
				CLANG_ENABLE_OBJC_WEAK = YES;
				CLANG_WARN_BLOCK_CAPTURE_AUTORELEASING = YES;
				CLANG_WARN_BOOL_CONVERSION = YES;
				CLANG_WARN_COMMA = YES;
				CLANG_WARN_CONSTANT_CONVERSION = YES;
				CLANG_WARN_DEPRECATED_OBJC_IMPLEMENTATIONS = YES;
				CLANG_WARN_DIRECT_OBJC_ISA_USAGE = YES_ERROR;
				CLANG_WARN_DOCUMENTATION_COMMENTS = YES;
				CLANG_WARN_EMPTY_BODY = YES;
				CLANG_WARN_ENUM_CONVERSION = YES;
				CLANG_WARN_INFINITE_RECURSION = YES;
				CLANG_WARN_INT_CONVERSION = YES;
				CLANG_WARN_NON_LITERAL_NULL_CONVERSION = YES;
				CLANG_WARN_OBJC_IMPLICIT_RETAIN_SELF = YES;
				CLANG_WARN_OBJC_LITERAL_CONVERSION = YES;
				CLANG_WARN_OBJC_ROOT_CLASS = YES_ERROR;
				CLANG_WARN_QUOTED_INCLUDE_IN_FRAMEWORK_HEADER = YES;
				CLANG_WARN_RANGE_LOOP_ANALYSIS = YES;
				CLANG_WARN_STRICT_PROTOTYPES = YES;
				CLANG_WARN_SUSPICIOUS_MOVE = YES;
				CLANG_WARN_UNGUARDED_AVAILABILITY = YES_AGGRESSIVE;
				CLANG_WARN_UNREACHABLE_CODE = YES;
				CLANG_WARN__DUPLICATE_METHOD_MATCH = YES;
				COPY_PHASE_STRIP = NO;
				DEBUG_INFORMATION_FORMAT = "dwarf-with-dsym";
				ENABLE_NS_ASSERTIONS = NO;
				ENABLE_STRICT_OBJC_MSGSEND = YES;
				ENABLE_USER_SCRIPT_SANDBOXING = YES;
				GCC_C_LANGUAGE_STANDARD = gnu11;
				GCC_NO_COMMON_BLOCKS = YES;
				GCC_WARN_64_TO_32_BIT_CONVERSION = YES;
				GCC_WARN_ABOUT_RETURN_TYPE = YES_ERROR;
				GCC_WARN_UNDECLARED_SELECTOR = YES;
				GCC_WARN_UNINITIALIZED_AUTOS = YES_AGGRESSIVE;
				GCC_WARN_UNUSED_FUNCTION = YES;
				GCC_WARN_UNUSED_VARIABLE = YES;
				IPHONEOS_DEPLOYMENT_TARGET = 16.4;
				MTL_ENABLE_DEBUG_INFO = NO;
				MTL_FAST_MATH = YES;
				SDKROOT = iphoneos;
				SWIFT_COMPILATION_MODE = wholemodule;
				SWIFT_OPTIMIZATION_LEVEL = "-O";
				VALIDATE_PRODUCT = YES;
			};
			name = Release;
		};
		B80938182B092C15004F9F57 /* Debug */ = {
			isa = XCBuildConfiguration;
			buildSettings = {
				ASSETCATALOG_COMPILER_APPICON_NAME = AppIcon;
				ASSETCATALOG_COMPILER_GLOBAL_ACCENT_COLOR_NAME = AccentColor;
				CODE_SIGN_STYLE = Automatic;
				CURRENT_PROJECT_VERSION = 1;
				DEVELOPMENT_ASSET_PATHS = "\"SwiftInstruct/Preview Content\"";
				DEVELOPMENT_TEAM = JJ4LUPX745;
				ENABLE_PREVIEWS = YES;
				GENERATE_INFOPLIST_FILE = YES;
				INFOPLIST_FILE = SwiftInstruct/Info.plist;
				INFOPLIST_KEY_CFBundleDisplayName = SwiftInstruct;
				INFOPLIST_KEY_UIApplicationSceneManifest_Generation = YES;
				INFOPLIST_KEY_UIApplicationSupportsIndirectInputEvents = YES;
				INFOPLIST_KEY_UILaunchScreen_Generation = YES;
				INFOPLIST_KEY_UISupportedInterfaceOrientations_iPad = "UIInterfaceOrientationPortrait UIInterfaceOrientationPortraitUpsideDown UIInterfaceOrientationLandscapeLeft UIInterfaceOrientationLandscapeRight";
				INFOPLIST_KEY_UISupportedInterfaceOrientations_iPhone = "UIInterfaceOrientationPortrait UIInterfaceOrientationLandscapeLeft UIInterfaceOrientationLandscapeRight";
				LD_RUNPATH_SEARCH_PATHS = (
					"$(inherited)",
					"@executable_path/Frameworks",
				);
				MARKETING_VERSION = 1.0;
				PRODUCT_BUNDLE_IDENTIFIER = "CPSC-411-Project.SwiftInstruct";
				PRODUCT_NAME = "$(TARGET_NAME)";
				SWIFT_EMIT_LOC_STRINGS = YES;
				SWIFT_VERSION = 5.0;
				TARGETED_DEVICE_FAMILY = "1,2";
			};
			name = Debug;
		};
		B80938192B092C15004F9F57 /* Release */ = {
			isa = XCBuildConfiguration;
			buildSettings = {
				ASSETCATALOG_COMPILER_APPICON_NAME = AppIcon;
				ASSETCATALOG_COMPILER_GLOBAL_ACCENT_COLOR_NAME = AccentColor;
				CODE_SIGN_STYLE = Automatic;
				CURRENT_PROJECT_VERSION = 1;
				DEVELOPMENT_ASSET_PATHS = "\"SwiftInstruct/Preview Content\"";
				DEVELOPMENT_TEAM = JJ4LUPX745;
				ENABLE_PREVIEWS = YES;
				GENERATE_INFOPLIST_FILE = YES;
				INFOPLIST_FILE = SwiftInstruct/Info.plist;
				INFOPLIST_KEY_CFBundleDisplayName = SwiftInstruct;
				INFOPLIST_KEY_UIApplicationSceneManifest_Generation = YES;
				INFOPLIST_KEY_UIApplicationSupportsIndirectInputEvents = YES;
				INFOPLIST_KEY_UILaunchScreen_Generation = YES;
				INFOPLIST_KEY_UISupportedInterfaceOrientations_iPad = "UIInterfaceOrientationPortrait UIInterfaceOrientationPortraitUpsideDown UIInterfaceOrientationLandscapeLeft UIInterfaceOrientationLandscapeRight";
				INFOPLIST_KEY_UISupportedInterfaceOrientations_iPhone = "UIInterfaceOrientationPortrait UIInterfaceOrientationLandscapeLeft UIInterfaceOrientationLandscapeRight";
				LD_RUNPATH_SEARCH_PATHS = (
					"$(inherited)",
					"@executable_path/Frameworks",
				);
				MARKETING_VERSION = 1.0;
				PRODUCT_BUNDLE_IDENTIFIER = "CPSC-411-Project.SwiftInstruct";
				PRODUCT_NAME = "$(TARGET_NAME)";
				SWIFT_EMIT_LOC_STRINGS = YES;
				SWIFT_VERSION = 5.0;
				TARGETED_DEVICE_FAMILY = "1,2";
			};
			name = Release;
		};
/* End XCBuildConfiguration section */

/* Begin XCConfigurationList section */
		B80938042B092C14004F9F57 /* Build configuration list for PBXProject "SwiftInstruct" */ = {
			isa = XCConfigurationList;
			buildConfigurations = (
				B80938152B092C15004F9F57 /* Debug */,
				B80938162B092C15004F9F57 /* Release */,
			);
			defaultConfigurationIsVisible = 0;
			defaultConfigurationName = Release;
		};
		B80938172B092C15004F9F57 /* Build configuration list for PBXNativeTarget "SwiftInstruct" */ = {
			isa = XCConfigurationList;
			buildConfigurations = (
				B80938182B092C15004F9F57 /* Debug */,
				B80938192B092C15004F9F57 /* Release */,
			);
			defaultConfigurationIsVisible = 0;
			defaultConfigurationName = Release;
		};
/* End XCConfigurationList section */

/* Begin XCRemoteSwiftPackageReference section */
		B8ED84C92B0E5683005086E9 /* XCRemoteSwiftPackageReference "firebase-ios-sdk" */ = {
			isa = XCRemoteSwiftPackageReference;
			repositoryURL = "https://github.com/firebase/firebase-ios-sdk";
			requirement = {
				kind = upToNextMajorVersion;
				minimumVersion = 10.0.0;
			};
		};
/* End XCRemoteSwiftPackageReference section */

/* Begin XCSwiftPackageProductDependency section */
		B8ED84CA2B0E5683005086E9 /* FirebaseAuth */ = {
			isa = XCSwiftPackageProductDependency;
			package = B8ED84C92B0E5683005086E9 /* XCRemoteSwiftPackageReference "firebase-ios-sdk" */;
			productName = FirebaseAuth;
		};
		B8ED84CC2B0E5683005086E9 /* FirebaseFirestore */ = {
			isa = XCSwiftPackageProductDependency;
			package = B8ED84C92B0E5683005086E9 /* XCRemoteSwiftPackageReference "firebase-ios-sdk" */;
			productName = FirebaseFirestore;
		};
		B8ED84CE2B0E5683005086E9 /* FirebaseFirestoreSwift */ = {
			isa = XCSwiftPackageProductDependency;
			package = B8ED84C92B0E5683005086E9 /* XCRemoteSwiftPackageReference "firebase-ios-sdk" */;
			productName = FirebaseFirestoreSwift;
		};
/* End XCSwiftPackageProductDependency section */
	};
	rootObject = B80938012B092C14004F9F57 /* Project object */;
}
